
Microsoft Visual Studio Solution File, Format Version 12.00
# Visual Studio Version 17
VisualStudioVersion = 17.11.35312.102
MinimumVisualStudioVersion = 10.0.40219.1
Project("{FAE04EC0-301F-11D3-BF4B-00C04F79EFBC}") = "WeatherPollingBot", "WeatherBot\WeatherPollingBot.csproj", "{234E7A9A-5734-439C-B5D9-82E922BD6D3D}"
EndProject
Project("{FAE04EC0-301F-11D3-BF4B-00C04F79EFBC}") = "WeatherBotWebApi", "WeatherBotWebApi\WeatherBotWebApi.csproj", "{ACFCA679-13E2-4F22-98AA-E90C00E2D7DF}"
EndProject
Project("{FAE04EC0-301F-11D3-BF4B-00C04F79EFBC}") = "WeatherBotDomain", "WeatherBotDomain\WeatherBotDomain.csproj", "{64AF86E2-9BC2-449C-8D73-4237678E4FB6}"
EndProject
Project("{FAE04EC0-301F-11D3-BF4B-00C04F79EFBC}") = "WeatherBotDomainTests", "WeatherBotDomainTests\WeatherBotDomainTests.csproj", "{8489FCA4-E378-43AA-96AF-C99F456FC275}"
EndProject
Project("{FAE04EC0-301F-11D3-BF4B-00C04F79EFBC}") = "WeatherBotInfrastructure", "WeatherBotInfrastructure\WeatherBotInfrastructure.csproj", "{A792A0F8-FFC1-4CFA-BA97-39F35F687801}"
EndProject
Global
	GlobalSection(SolutionConfigurationPlatforms) = preSolution
		Debug|Any CPU = Debug|Any CPU
		Release|Any CPU = Release|Any CPU
	EndGlobalSection
	GlobalSection(ProjectConfigurationPlatforms) = postSolution
		{234E7A9A-5734-439C-B5D9-82E922BD6D3D}.Debug|Any CPU.ActiveCfg = Debug|Any CPU
		{234E7A9A-5734-439C-B5D9-82E922BD6D3D}.Debug|Any CPU.Build.0 = Debug|Any CPU
		{234E7A9A-5734-439C-B5D9-82E922BD6D3D}.Release|Any CPU.ActiveCfg = Release|Any CPU
		{234E7A9A-5734-439C-B5D9-82E922BD6D3D}.Release|Any CPU.Build.0 = Release|Any CPU
		{ACFCA679-13E2-4F22-98AA-E90C00E2D7DF}.Debug|Any CPU.ActiveCfg = Debug|Any CPU
		{ACFCA679-13E2-4F22-98AA-E90C00E2D7DF}.Debug|Any CPU.Build.0 = Debug|Any CPU
		{ACFCA679-13E2-4F22-98AA-E90C00E2D7DF}.Release|Any CPU.ActiveCfg = Release|Any CPU
		{ACFCA679-13E2-4F22-98AA-E90C00E2D7DF}.Release|Any CPU.Build.0 = Release|Any CPU
		{64AF86E2-9BC2-449C-8D73-4237678E4FB6}.Debug|Any CPU.ActiveCfg = Debug|Any CPU
		{64AF86E2-9BC2-449C-8D73-4237678E4FB6}.Debug|Any CPU.Build.0 = Debug|Any CPU
		{64AF86E2-9BC2-449C-8D73-4237678E4FB6}.Release|Any CPU.ActiveCfg = Release|Any CPU
		{64AF86E2-9BC2-449C-8D73-4237678E4FB6}.Release|Any CPU.Build.0 = Release|Any CPU
		{8489FCA4-E378-43AA-96AF-C99F456FC275}.Debug|Any CPU.ActiveCfg = Debug|Any CPU
		{8489FCA4-E378-43AA-96AF-C99F456FC275}.Debug|Any CPU.Build.0 = Debug|Any CPU
		{8489FCA4-E378-43AA-96AF-C99F456FC275}.Release|Any CPU.ActiveCfg = Release|Any CPU
		{8489FCA4-E378-43AA-96AF-C99F456FC275}.Release|Any CPU.Build.0 = Release|Any CPU
		{A792A0F8-FFC1-4CFA-BA97-39F35F687801}.Debug|Any CPU.ActiveCfg = Debug|Any CPU
		{A792A0F8-FFC1-4CFA-BA97-39F35F687801}.Debug|Any CPU.Build.0 = Debug|Any CPU
		{A792A0F8-FFC1-4CFA-BA97-39F35F687801}.Release|Any CPU.ActiveCfg = Release|Any CPU
		{A792A0F8-FFC1-4CFA-BA97-39F35F687801}.Release|Any CPU.Build.0 = Release|Any CPU
	EndGlobalSection
	GlobalSection(SolutionProperties) = preSolution
		HideSolutionNode = FALSE
	EndGlobalSection
	GlobalSection(ExtensibilityGlobals) = postSolution
		SolutionGuid = {7BB9EDC7-1CC1-49BD-A392-EC7A0A49E5C9}
	EndGlobalSection
EndGlobal
